<?xml version="1.0" encoding="utf-8"?>
<Project ToolsVersion="4.0" xmlns="http://schemas.microsoft.com/developer/msbuild/2003">
  <ItemGroup>
    <Filter Include="Source Files">
      <UniqueIdentifier>{4FC737F1-C7A5-4376-A066-2A32D752A2FF}</UniqueIdentifier>
      <Extensions>cpp;c;cc;cxx;def;odl;idl;hpj;bat;asm;asmx</Extensions>
    </Filter>
    <Filter Include="Header Files">
      <UniqueIdentifier>{93995380-89BD-4b04-88EB-625FBE52EBFB}</UniqueIdentifier>
      <Extensions>h;hh;hpp;hxx;hm;inl;inc;ipp;xsd</Extensions>
    </Filter>
    <Filter Include="Resource Files">
      <UniqueIdentifier>{67DA6AB6-F800-4c08-8B7A-83BB121AAD01}</UniqueIdentifier>
      <Extensions>rc;ico;cur;bmp;dlg;rc2;rct;bin;rgs;gif;jpg;jpeg;jpe;resx;tiff;tif;png;wav;mfcribbon-ms</Extensions>
    </Filter>
    <Filter Include="Header Files\BaseClass">
      <UniqueIdentifier>{4c20628c-e72d-4c35-9035-fd8f969bd106}</UniqueIdentifier>
    </Filter>
    <Filter Include="Source Files\BaseClass">
      <UniqueIdentifier>{d65b3c64-d0fa-4681-bdd0-650ca8aae9c1}</UniqueIdentifier>
    </Filter>
    <Filter Include="Header Files\Enum">
      <UniqueIdentifier>{f7b9f85f-071c-4ffc-adf7-38530f74e1a7}</UniqueIdentifier>
    </Filter>
    <Filter Include="Header Files\Object">
      <UniqueIdentifier>{8dd621d3-5442-4146-901a-f2f4c3610e20}</UniqueIdentifier>
    </Filter>
    <Filter Include="Source Files\Object">
      <UniqueIdentifier>{5b7d25b3-7315-4f4c-8a32-5a4818ce8aae}</UniqueIdentifier>
    </Filter>
    <Filter Include="Header Files\MapReader">
      <UniqueIdentifier>{d2b5d6b5-45ec-4af2-b007-5bac039ff3be}</UniqueIdentifier>
    </Filter>
    <Filter Include="Source Files\MapReader">
      <UniqueIdentifier>{3884e9c0-b27b-4eb8-a12c-3396050a992a}</UniqueIdentifier>
    </Filter>
    <Filter Include="Header Files\Scene">
      <UniqueIdentifier>{df3b6444-b616-4582-9b84-81f734a6841c}</UniqueIdentifier>
    </Filter>
    <Filter Include="Source Files\Scene">
      <UniqueIdentifier>{fc5e2cef-417a-4407-8288-b49030c5e53a}</UniqueIdentifier>
    </Filter>
    <Filter Include="Header Files\Object\Enemy">
      <UniqueIdentifier>{8fe85d95-f412-4563-8f75-1d5bf5292234}</UniqueIdentifier>
    </Filter>
    <Filter Include="Source Files\Object\Enemy">
      <UniqueIdentifier>{6eec763c-cb0c-4746-86d5-cf61537f2f72}</UniqueIdentifier>
    </Filter>
    <Filter Include="Header Files\Object\Map">
      <UniqueIdentifier>{c9cdc8a6-d219-4510-b143-d6f3c50b78a3}</UniqueIdentifier>
    </Filter>
    <Filter Include="Source Files\Object\Map">
      <UniqueIdentifier>{3d3b28be-0c16-4a1b-bf12-15905c86ac28}</UniqueIdentifier>
    </Filter>
    <Filter Include="Header Files\Object\Player">
      <UniqueIdentifier>{0c9a3b91-6621-4dd6-a8fa-162ea82d3792}</UniqueIdentifier>
    </Filter>
    <Filter Include="Source Files\Object\Player">
      <UniqueIdentifier>{fe776d58-98d6-4b77-8a8e-7cfd63bb72a3}</UniqueIdentifier>
    </Filter>
    <Filter Include="Header Files\FixedGrid">
      <UniqueIdentifier>{dc35410b-42f3-4397-a0d9-cd9afda203d7}</UniqueIdentifier>
    </Filter>
    <Filter Include="Source Files\FixedGrid">
      <UniqueIdentifier>{5006f2c5-e3f3-4f56-99c7-88b05bb080ab}</UniqueIdentifier>
    </Filter>
    <Filter Include="Header Files\Object\Item">
      <UniqueIdentifier>{0a3075bb-4847-4a1b-93e8-2cefbdb5f0dc}</UniqueIdentifier>
    </Filter>
    <Filter Include="Source Files\Object\Item">
      <UniqueIdentifier>{7bf5eb29-7ee6-436b-b2cf-67f8fdc72a0d}</UniqueIdentifier>
    </Filter>
  </ItemGroup>
  <ItemGroup>
    <ClCompile Include="main.cpp">
      <Filter>Source Files</Filter>
    </ClCompile>
    <ClCompile Include="Game.cpp">
      <Filter>Source Files\BaseClass</Filter>
    </ClCompile>
    <ClCompile Include="DeviceManager.cpp">
      <Filter>Source Files\BaseClass</Filter>
    </ClCompile>
    <ClCompile Include="Graphic.cpp">
      <Filter>Source Files\BaseClass</Filter>
    </ClCompile>
    <ClCompile Include="GameTime.cpp">
      <Filter>Source Files\BaseClass</Filter>
    </ClCompile>
    <ClCompile Include="GameObject.cpp">
      <Filter>Source Files\BaseClass</Filter>
    </ClCompile>
    <ClCompile Include="Texture.cpp">
      <Filter>Source Files\BaseClass</Filter>
    </ClCompile>
    <ClCompile Include="Sprite.cpp">
      <Filter>Source Files\BaseClass</Filter>
    </ClCompile>
    <ClCompile Include="EnumID.h">
      <Filter>Header Files\Enum</Filter>
    </ClCompile>
    <ClCompile Include="RectSprite.cpp">
      <Filter>Source Files\BaseClass</Filter>
    </ClCompile>
    <ClCompile Include="Animation.cpp">
      <Filter>Source Files\BaseClass</Filter>
    </ClCompile>
    <ClCompile Include="AnimationManager.cpp">
      <Filter>Source Files\BaseClass</Filter>
    </ClCompile>
    <ClCompile Include="InputHandler.cpp">
      <Filter>Source Files\BaseClass</Filter>
    </ClCompile>
    <ClCompile Include="DrawDebug.cpp">
      <Filter>Source Files\BaseClass</Filter>
    </ClCompile>
    <ClCompile Include="GameMap.cpp">
      <Filter>Source Files\BaseClass</Filter>
    </ClCompile>
    <ClCompile Include="MapReader\base64.cpp">
      <Filter>Source Files\MapReader</Filter>
    </ClCompile>
    <ClCompile Include="MapReader\miniz.c">
      <Filter>Source Files\MapReader</Filter>
    </ClCompile>
    <ClCompile Include="MapReader\tinyxml2.cpp">
      <Filter>Source Files\MapReader</Filter>
    </ClCompile>
    <ClCompile Include="MapReader\TmxEllipse.cpp">
      <Filter>Source Files\MapReader</Filter>
    </ClCompile>
    <ClCompile Include="MapReader\TmxImage.cpp">
      <Filter>Source Files\MapReader</Filter>
    </ClCompile>
    <ClCompile Include="MapReader\TmxImageLayer.cpp">
      <Filter>Source Files\MapReader</Filter>
    </ClCompile>
    <ClCompile Include="MapReader\TmxLayer.cpp">
      <Filter>Source Files\MapReader</Filter>
    </ClCompile>
    <ClCompile Include="MapReader\TmxMap.cpp">
      <Filter>Source Files\MapReader</Filter>
    </ClCompile>
    <ClCompile Include="MapReader\TmxObject.cpp">
      <Filter>Source Files\MapReader</Filter>
    </ClCompile>
    <ClCompile Include="MapReader\TmxObjectGroup.cpp">
      <Filter>Source Files\MapReader</Filter>
    </ClCompile>
    <ClCompile Include="MapReader\TmxPolygon.cpp">
      <Filter>Source Files\MapReader</Filter>
    </ClCompile>
    <ClCompile Include="MapReader\TmxPolyline.cpp">
      <Filter>Source Files\MapReader</Filter>
    </ClCompile>
    <ClCompile Include="MapReader\TmxPropertySet.cpp">
      <Filter>Source Files\MapReader</Filter>
    </ClCompile>
    <ClCompile Include="MapReader\TmxTerrain.cpp">
      <Filter>Source Files\MapReader</Filter>
    </ClCompile>
    <ClCompile Include="MapReader\TmxTerrainArray.cpp">
      <Filter>Source Files\MapReader</Filter>
    </ClCompile>
    <ClCompile Include="MapReader\TmxTile.cpp">
      <Filter>Source Files\MapReader</Filter>
    </ClCompile>
    <ClCompile Include="MapReader\TmxTileLayer.cpp">
      <Filter>Source Files\MapReader</Filter>
    </ClCompile>
    <ClCompile Include="MapReader\TmxTileOffset.cpp">
      <Filter>Source Files\MapReader</Filter>
    </ClCompile>
    <ClCompile Include="MapReader\TmxTileset.cpp">
      <Filter>Source Files\MapReader</Filter>
    </ClCompile>
    <ClCompile Include="MapReader\TmxUtil.cpp">
      <Filter>Source Files\MapReader</Filter>
    </ClCompile>
    <ClCompile Include="Scene.cpp">
      <Filter>Source Files\BaseClass</Filter>
    </ClCompile>
    <ClCompile Include="Camera.cpp">
      <Filter>Source Files\BaseClass</Filter>
    </ClCompile>
    <ClCompile Include="FirstScene.cpp">
      <Filter>Source Files\Scene</Filter>
    </ClCompile>
    <ClCompile Include="Billy.cpp">
      <Filter>Source Files\Object\Enemy</Filter>
    </ClCompile>
    <ClCompile Include="Tank.cpp">
      <Filter>Source Files\Object\Enemy</Filter>
    </ClCompile>
    <ClCompile Include="Entity.cpp">
      <Filter>Source Files\Object\Map</Filter>
    </ClCompile>
    <ClCompile Include="Unit.cpp">
      <Filter>Source Files\FixedGrid</Filter>
    </ClCompile>
    <ClCompile Include="FixedGrid.cpp">
      <Filter>Source Files\FixedGrid</Filter>
    </ClCompile>
    <ClCompile Include="Player.cpp">
      <Filter>Source Files\Object\Player</Filter>
    </ClCompile>
    <ClCompile Include="Apple.cpp">
      <Filter>Source Files\Object\Item</Filter>
    </ClCompile>
    <ClCompile Include="GameMap_Txt.cpp">
      <Filter>Source Files\BaseClass</Filter>
    </ClCompile>
    <ClCompile Include="WreckingBall.cpp">
      <Filter>Source Files\Object\Enemy</Filter>
    </ClCompile>
    <ClCompile Include="Aladin.cpp">
      <Filter>Source Files\Object\Player</Filter>
    </ClCompile>
    <ClCompile Include="StoneColumn_1.cpp">
      <Filter>Source Files\Object\Map</Filter>
    </ClCompile>
    <ClCompile Include="StoneColumn_2.cpp">
      <Filter>Source Files\Object\Map</Filter>
    </ClCompile>
    <ClCompile Include="StoneColumn_3.cpp">
      <Filter>Source Files\Object\Map</Filter>
    </ClCompile>
    <ClCompile Include="StoneColumn_4.cpp">
      <Filter>Source Files\Object\Map</Filter>
    </ClCompile>
    <ClCompile Include="Land.cpp">
      <Filter>Source Files\Object\Map</Filter>
    </ClCompile>
  </ItemGroup>
  <ItemGroup>
    <ClInclude Include="define.h">
      <Filter>Header Files\BaseClass</Filter>
    </ClInclude>
    <ClInclude Include="DeviceManager.h">
      <Filter>Header Files\BaseClass</Filter>
    </ClInclude>
    <ClInclude Include="Game.h">
      <Filter>Header Files\BaseClass</Filter>
    </ClInclude>
    <ClInclude Include="Graphic.h">
      <Filter>Header Files\BaseClass</Filter>
    </ClInclude>
    <ClInclude Include="GameTime.h">
      <Filter>Header Files\BaseClass</Filter>
    </ClInclude>
    <ClInclude Include="resource.h">
      <Filter>Header Files\BaseClass</Filter>
    </ClInclude>
    <ClInclude Include="Texture.h">
      <Filter>Header Files\BaseClass</Filter>
    </ClInclude>
    <ClInclude Include="GameObject.h">
      <Filter>Header Files\BaseClass</Filter>
    </ClInclude>
    <ClInclude Include="Sprite.h">
      <Filter>Header Files\BaseClass</Filter>
    </ClInclude>
    <ClInclude Include="RectSprite.h">
      <Filter>Header Files\BaseClass</Filter>
    </ClInclude>
    <ClInclude Include="Animation.h">
      <Filter>Header Files\BaseClass</Filter>
    </ClInclude>
    <ClInclude Include="AnimationManager.h">
      <Filter>Header Files\BaseClass</Filter>
    </ClInclude>
    <ClInclude Include="InputHandler.h">
      <Filter>Header Files\BaseClass</Filter>
    </ClInclude>
    <ClInclude Include="DrawDebug.h">
      <Filter>Header Files\BaseClass</Filter>
    </ClInclude>
    <ClInclude Include="GameMap.h">
      <Filter>Header Files\BaseClass</Filter>
    </ClInclude>
    <ClInclude Include="MapReader\base64.h">
      <Filter>Header Files\MapReader</Filter>
    </ClInclude>
    <ClInclude Include="MapReader\tinyxml2.h">
      <Filter>Header Files\MapReader</Filter>
    </ClInclude>
    <ClInclude Include="MapReader\TmxEllipse.h">
      <Filter>Header Files\MapReader</Filter>
    </ClInclude>
    <ClInclude Include="MapReader\TmxImage.h">
      <Filter>Header Files\MapReader</Filter>
    </ClInclude>
    <ClInclude Include="MapReader\TmxImageLayer.h">
      <Filter>Header Files\MapReader</Filter>
    </ClInclude>
    <ClInclude Include="MapReader\TmxLayer.h">
      <Filter>Header Files\MapReader</Filter>
    </ClInclude>
    <ClInclude Include="MapReader\TmxMap.h">
      <Filter>Header Files\MapReader</Filter>
    </ClInclude>
    <ClInclude Include="MapReader\TmxMapTile.h">
      <Filter>Header Files\MapReader</Filter>
    </ClInclude>
    <ClInclude Include="MapReader\TmxObject.h">
      <Filter>Header Files\MapReader</Filter>
    </ClInclude>
    <ClInclude Include="MapReader\TmxObjectGroup.h">
      <Filter>Header Files\MapReader</Filter>
    </ClInclude>
    <ClInclude Include="MapReader\TmxPoint.h">
      <Filter>Header Files\MapReader</Filter>
    </ClInclude>
    <ClInclude Include="MapReader\TmxPolygon.h">
      <Filter>Header Files\MapReader</Filter>
    </ClInclude>
    <ClInclude Include="MapReader\TmxPolyline.h">
      <Filter>Header Files\MapReader</Filter>
    </ClInclude>
    <ClInclude Include="MapReader\TmxPropertySet.h">
      <Filter>Header Files\MapReader</Filter>
    </ClInclude>
    <ClInclude Include="MapReader\TmxTerrain.h">
      <Filter>Header Files\MapReader</Filter>
    </ClInclude>
    <ClInclude Include="MapReader\TmxTerrainArray.h">
      <Filter>Header Files\MapReader</Filter>
    </ClInclude>
    <ClInclude Include="MapReader\TmxTile.h">
      <Filter>Header Files\MapReader</Filter>
    </ClInclude>
    <ClInclude Include="MapReader\TmxTileLayer.h">
      <Filter>Header Files\MapReader</Filter>
    </ClInclude>
    <ClInclude Include="MapReader\TmxTileOffset.h">
      <Filter>Header Files\MapReader</Filter>
    </ClInclude>
    <ClInclude Include="MapReader\TmxTileset.h">
      <Filter>Header Files\MapReader</Filter>
    </ClInclude>
    <ClInclude Include="MapReader\TmxUtil.h">
      <Filter>Header Files\MapReader</Filter>
    </ClInclude>
    <ClInclude Include="MapReader\zconf.h">
      <Filter>Header Files\MapReader</Filter>
    </ClInclude>
    <ClInclude Include="MapReader\zlib.h">
      <Filter>Header Files\MapReader</Filter>
    </ClInclude>
    <ClInclude Include="Scene.h">
      <Filter>Header Files\BaseClass</Filter>
    </ClInclude>
    <ClInclude Include="Camera.h">
      <Filter>Header Files\BaseClass</Filter>
    </ClInclude>
    <ClInclude Include="FirstScene.h">
      <Filter>Header Files\Scene</Filter>
    </ClInclude>
    <ClInclude Include="Tank.h">
      <Filter>Header Files\Object\Enemy</Filter>
    </ClInclude>
    <ClInclude Include="Billy.h">
      <Filter>Header Files\Object\Enemy</Filter>
    </ClInclude>
    <ClInclude Include="Entity.h">
      <Filter>Header Files\Object\Map</Filter>
    </ClInclude>
    <ClInclude Include="Unit.h">
      <Filter>Header Files\FixedGrid</Filter>
    </ClInclude>
    <ClInclude Include="FixedGrid.h">
      <Filter>Header Files\FixedGrid</Filter>
    </ClInclude>
    <ClInclude Include="Player.h">
      <Filter>Header Files\Object\Player</Filter>
    </ClInclude>
    <ClInclude Include="GameMap_Txt.h">
      <Filter>Header Files\BaseClass</Filter>
    </ClInclude>
    <ClInclude Include="Apple.h">
      <Filter>Header Files\Object\Item</Filter>
    </ClInclude>
    <ClInclude Include="WreckingBall.h">
      <Filter>Header Files\Object\Enemy</Filter>
    </ClInclude>
    <ClInclude Include="StoneColumn_1.h">
      <Filter>Header Files\Object\Map</Filter>
    </ClInclude>
    <ClInclude Include="StoneColumn_2.h">
      <Filter>Header Files\Object\Map</Filter>
    </ClInclude>
    <ClInclude Include="StoneColumn_3.h">
      <Filter>Header Files\Object\Map</Filter>
    </ClInclude>
    <ClInclude Include="StoneColumn_4.h">
      <Filter>Header Files\Object\Map</Filter>
    </ClInclude>
    <ClInclude Include="Land.h">
      <Filter>Header Files\Object\Map</Filter>
    </ClInclude>
    <ClInclude Include="ItemMapId.h">
      <Filter>Header Files\Enum</Filter>
    </ClInclude>
    <ClInclude Include="Aladin.h">
      <Filter>Header Files\Object\Player</Filter>
    </ClInclude>
  </ItemGroup>
  <ItemGroup>
    <ResourceCompile Include="TemplateGame.rc">
      <Filter>Resource Files</Filter>
    </ResourceCompile>
  </ItemGroup>
</Project>